
Microsoft Visual Studio Solution File, Format Version 12.00
# Visual Studio Version 17
VisualStudioVersion = 17.8.34004.107
MinimumVisualStudioVersion = 10.0.40219.1
Project("{9A19103F-16F7-4668-BE54-9A1E7A4F7556}") = "SubredditIngestionService", "SubredditIngestionService\SubredditIngestionService.csproj", "{FDE97C85-F551-4774-B592-5E2473CC5843}"
EndProject
Project("{9A19103F-16F7-4668-BE54-9A1E7A4F7556}") = "UpstashInfrastructure", "UpstashInfrastructure\UpstashInfrastructure.csproj", "{12240ABE-53A5-46C5-BA1F-AA0954CAE4FF}"
EndProject
Project("{9A19103F-16F7-4668-BE54-9A1E7A4F7556}") = "IngestionCore", "IngestionCore\IngestionCore.csproj", "{0018719F-94A3-4AD8-A6CE-C786F3F8457F}"
EndProject
Project("{FAE04EC0-301F-11D3-BF4B-00C04F79EFBC}") = "IngestionCoreTests", "..\tests\IngestionCoreTests\IngestionCoreTests.csproj", "{72EA1CF1-1EBC-4885-A090-F61A1CE739D9}"
EndProject
Global
	GlobalSection(SolutionConfigurationPlatforms) = preSolution
		Debug|Any CPU = Debug|Any CPU
		Release|Any CPU = Release|Any CPU
	EndGlobalSection
	GlobalSection(ProjectConfigurationPlatforms) = postSolution
		{FDE97C85-F551-4774-B592-5E2473CC5843}.Debug|Any CPU.ActiveCfg = Debug|Any CPU
		{FDE97C85-F551-4774-B592-5E2473CC5843}.Debug|Any CPU.Build.0 = Debug|Any CPU
		{FDE97C85-F551-4774-B592-5E2473CC5843}.Release|Any CPU.ActiveCfg = Release|Any CPU
		{FDE97C85-F551-4774-B592-5E2473CC5843}.Release|Any CPU.Build.0 = Release|Any CPU
		{12240ABE-53A5-46C5-BA1F-AA0954CAE4FF}.Debug|Any CPU.ActiveCfg = Debug|Any CPU
		{12240ABE-53A5-46C5-BA1F-AA0954CAE4FF}.Debug|Any CPU.Build.0 = Debug|Any CPU
		{12240ABE-53A5-46C5-BA1F-AA0954CAE4FF}.Release|Any CPU.ActiveCfg = Release|Any CPU
		{12240ABE-53A5-46C5-BA1F-AA0954CAE4FF}.Release|Any CPU.Build.0 = Release|Any CPU
		{0018719F-94A3-4AD8-A6CE-C786F3F8457F}.Debug|Any CPU.ActiveCfg = Debug|Any CPU
		{0018719F-94A3-4AD8-A6CE-C786F3F8457F}.Debug|Any CPU.Build.0 = Debug|Any CPU
		{0018719F-94A3-4AD8-A6CE-C786F3F8457F}.Release|Any CPU.ActiveCfg = Release|Any CPU
		{0018719F-94A3-4AD8-A6CE-C786F3F8457F}.Release|Any CPU.Build.0 = Release|Any CPU
		{72EA1CF1-1EBC-4885-A090-F61A1CE739D9}.Debug|Any CPU.ActiveCfg = Debug|Any CPU
		{72EA1CF1-1EBC-4885-A090-F61A1CE739D9}.Debug|Any CPU.Build.0 = Debug|Any CPU
		{72EA1CF1-1EBC-4885-A090-F61A1CE739D9}.Release|Any CPU.ActiveCfg = Release|Any CPU
		{72EA1CF1-1EBC-4885-A090-F61A1CE739D9}.Release|Any CPU.Build.0 = Release|Any CPU
	EndGlobalSection
	GlobalSection(SolutionProperties) = preSolution
		HideSolutionNode = FALSE
	EndGlobalSection
	GlobalSection(ExtensibilityGlobals) = postSolution
		SolutionGuid = {C42EB178-E99C-4760-BAFE-3CF1FDF8FD09}
	EndGlobalSection
EndGlobal
